
Microsoft Visual Studio Solution File, Format Version 12.00
# Visual Studio Version 16
VisualStudioVersion = 16.0.30804.86
MinimumVisualStudioVersion = 10.0.40219.1
Project("{FAE04EC0-301F-11D3-BF4B-00C04F79EFBC}") = "MovieApp", "MovieApp\MovieApp.csproj", "{5255613F-C3B8-4DA5-AB1F-4AA7EA175ADD}"
EndProject
Global
	GlobalSection(SolutionConfigurationPlatforms) = preSolution
		Debug|Any CPU = Debug|Any CPU
		Release|Any CPU = Release|Any CPU
	EndGlobalSection
	GlobalSection(ProjectConfigurationPlatforms) = postSolution
		{5255613F-C3B8-4DA5-AB1F-4AA7EA175ADD}.Debug|Any CPU.ActiveCfg = Debug|Any CPU
		{5255613F-C3B8-4DA5-AB1F-4AA7EA175ADD}.Debug|Any CPU.Build.0 = Debug|Any CPU
		{5255613F-C3B8-4DA5-AB1F-4AA7EA175ADD}.Release|Any CPU.ActiveCfg = Release|Any CPU
		{5255613F-C3B8-4DA5-AB1F-4AA7EA175ADD}.Release|Any CPU.Build.0 = Release|Any CPU
	EndGlobalSection
	GlobalSection(SolutionProperties) = preSolution
		HideSolutionNode = FALSE
	EndGlobalSection
	GlobalSection(ExtensibilityGlobals) = postSolution
		SolutionGuid = {C75C958A-90C0-4388-99A1-8EBBD83F7A9F}
	EndGlobalSection
EndGlobal
